// !$*UTF8*$!
{
	archiveVersion = 1;
	classes = {
	};
	objectVersion = 56;
	objects = {

/* Begin PBXFileReference section */
		AA00000000000000000010 /* CMakeLists.txt */ = {isa = PBXFileReference; lastKnownFileType = text; path = CMakeLists.txt; sourceTree = "<group>"; };
		AA00000000000000000011 /* CMakePresets.json */ = {isa = PBXFileReference; lastKnownFileType = text.json; path = CMakePresets.json; sourceTree = "<group>"; };
		AA00000000000000000012 /* README.md */ = {isa = PBXFileReference; lastKnownFileType = net.daringfireball.markdown; path = README.md; sourceTree = "<group>"; };
		AA00000000000000000013 /* main.cpp */ = {isa = PBXFileReference; lastKnownFileType = sourcecode.cpp.cpp; path = main.cpp; sourceTree = "<group>"; };
		AA00000000000000000014 /* src */ = {isa = PBXFileReference; lastKnownFileType = folder; path = src; sourceTree = "<group>"; };
		AA00000000000000000015 /* tests */ = {isa = PBXFileReference; lastKnownFileType = folder; path = tests; sourceTree = "<group>"; };
		AA00000000000000000016 /* scripts */ = {isa = PBXFileReference; lastKnownFileType = folder; path = scripts; sourceTree = "<group>"; };
		AA00000000000000000017 /* .github */ = {isa = PBXFileReference; lastKnownFileType = folder; path = .github; sourceTree = "<group>"; };
/* End PBXFileReference section */

/* Begin PBXGroup section */
		AA00000000000000000002 = {
			isa = PBXGroup;
			children = (
				AA00000000000000000013 /* main.cpp */,
				AA00000000000000000014 /* src */,
				AA00000000000000000015 /* tests */,
				AA00000000000000000010 /* CMakeLists.txt */,
				AA00000000000000000011 /* CMakePresets.json */,
				AA00000000000000000016 /* scripts */,
				AA00000000000000000017 /* .github */,
				AA00000000000000000012 /* README.md */,
				AA00000000000000000003 /* Products */,
			);
			sourceTree = "<group>";
		};
		AA00000000000000000003 /* Products */ = {
			isa = PBXGroup;
			children = (
			);
			name = Products;
			sourceTree = "<group>";
		};
/* End PBXGroup section */

/* Begin PBXLegacyTarget section */
		AA00000000000000000004 /* FifteenPuzzle */ = {
			isa = PBXLegacyTarget;
			buildArgumentsString = "$(ACTION)";
			buildConfigurationList = AA00000000000000000006 /* Build configuration list for PBXLegacyTarget "FifteenPuzzle" */;
			buildPhases = (
			);
			buildToolPath = "$(SRCROOT)/scripts/xcode-build.sh";
			buildWorkingDirectory = "$(SRCROOT)";
			dependencies = (
			);
			name = FifteenPuzzle;
			passBuildSettingsInEnvironment = 1;
			productName = FifteenPuzzle;
		};
/* End PBXLegacyTarget section */

/* Begin PBXProject section */
		AA00000000000000000001 /* Project object */ = {
			isa = PBXProject;
			attributes = {
				BuildIndependentTargetsInParallel = 1;
				LastUpgradeCheck = 1600;
			};
			buildConfigurationList = AA00000000000000000005 /* Build configuration list for PBXProject "FifteenPuzzle" */;
			compatibilityVersion = "Xcode 14.0";
			developmentRegion = en;
			hasScannedForEncodings = 0;
			knownRegions = (
				en,
				Base,
			);
			mainGroup = AA00000000000000000002;
			productRefGroup = AA00000000000000000003 /* Products */;
			projectDirPath = "";
			projectRoot = "";
			targets = (
				AA00000000000000000004 /* FifteenPuzzle */,
			);
		};
/* End PBXProject section */

/* Begin XCBuildConfiguration section */
		AA00000000000000000007 /* Debug */ = {
			isa = XCBuildConfiguration;
			buildSettings = {
				ONLY_ACTIVE_ARCH = YES;
			};
			name = Debug;
		};
		AA00000000000000000008 /* Release */ = {
			isa = XCBuildConfiguration;
			buildSettings = {
			};
			name = Release;
		};
		AA00000000000000000009 /* Debug */ = {
			isa = XCBuildConfiguration;
			buildSettings = {
				PRODUCT_NAME = "$(TARGET_NAME)";
			};
			name = Debug;
		};
		AA0000000000000000000A /* Release */ = {
			isa = XCBuildConfiguration;
			buildSettings = {
				PRODUCT_NAME = "$(TARGET_NAME)";
			};
			name = Release;
		};
/* End XCBuildConfiguration section */

/* Begin XCConfigurationList section */
		AA00000000000000000005 /* Build configuration list for PBXProject "FifteenPuzzle" */ = {
			isa = XCConfigurationList;
			buildConfigurations = (
				AA00000000000000000007 /* Debug */,
				AA00000000000000000008 /* Release */,
			);
			defaultConfigurationIsVisible = 0;
			defaultConfigurationName = Debug;
		};
		AA00000000000000000006 /* Build configuration list for PBXLegacyTarget "FifteenPuzzle" */ = {
			isa = XCConfigurationList;
			buildConfigurations = (
				AA00000000000000000009 /* Debug */,
				AA0000000000000000000A /* Release */,
			);
			defaultConfigurationIsVisible = 0;
			defaultConfigurationName = Debug;
		};
/* End XCConfigurationList section */
	};
	rootObject = AA00000000000000000001 /* Project object */;
}
